
Microsoft Visual Studio Solution File, Format Version 12.00
# Visual Studio Version 16
VisualStudioVersion = 16.0.30621.155
MinimumVisualStudioVersion = 10.0.40219.1
Project("{FAE04EC0-301F-11D3-BF4B-00C04F79EFBC}") = "DistractMe", "DistractMe\DistractMe.csproj", "{A214202B-8605-43FB-A0D4-2833184B640A}"
EndProject
Global
	GlobalSection(SolutionConfigurationPlatforms) = preSolution
		Debug|Any CPU = Debug|Any CPU
		Release|Any CPU = Release|Any CPU
	EndGlobalSection
	GlobalSection(ProjectConfigurationPlatforms) = postSolution
		{A214202B-8605-43FB-A0D4-2833184B640A}.Debug|Any CPU.ActiveCfg = Debug|Any CPU
		{A214202B-8605-43FB-A0D4-2833184B640A}.Debug|Any CPU.Build.0 = Debug|Any CPU
		{A214202B-8605-43FB-A0D4-2833184B640A}.Release|Any CPU.ActiveCfg = Release|Any CPU
		{A214202B-8605-43FB-A0D4-2833184B640A}.Release|Any CPU.Build.0 = Release|Any CPU
	EndGlobalSection
	GlobalSection(SolutionProperties) = preSolution
		HideSolutionNode = FALSE
	EndGlobalSection
	GlobalSection(ExtensibilityGlobals) = postSolution
		SolutionGuid = {6C6A7569-8CB5-487F-B3E3-0CC0E04DDBE4}
	EndGlobalSection
EndGlobal
